
Microsoft Visual Studio Solution File, Format Version 12.00
# Visual Studio Version 17
VisualStudioVersion = 17.4.33122.133
MinimumVisualStudioVersion = 10.0.40219.1
Project("{8BC9CEB8-8B4A-11D0-8D11-00A0C91BC942}") = "Tutorial", "Tutorial\Tutorial.vcxproj", "{2D89894D-E43B-4AAB-ADB5-70B8A7DC278F}"
EndProject
Global
	GlobalSection(SolutionConfigurationPlatforms) = preSolution
		Debug|x64 = Debug|x64
		Debug|x86 = Debug|x86
		Release|x64 = Release|x64
		Release|x86 = Release|x86
	EndGlobalSection
	GlobalSection(ProjectConfigurationPlatforms) = postSolution
		{2D89894D-E43B-4AAB-ADB5-70B8A7DC278F}.Debug|x64.ActiveCfg = Debug|x64
		{2D89894D-E43B-4AAB-ADB5-70B8A7DC278F}.Debug|x64.Build.0 = Debug|x64
		{2D89894D-E43B-4AAB-ADB5-70B8A7DC278F}.Debug|x86.ActiveCfg = Debug|Win32
		{2D89894D-E43B-4AAB-ADB5-70B8A7DC278F}.Debug|x86.Build.0 = Debug|Win32
		{2D89894D-E43B-4AAB-ADB5-70B8A7DC278F}.Release|x64.ActiveCfg = Release|x64
		{2D89894D-E43B-4AAB-ADB5-70B8A7DC278F}.Release|x64.Build.0 = Release|x64
		{2D89894D-E43B-4AAB-ADB5-70B8A7DC278F}.Release|x86.ActiveCfg = Release|Win32
		{2D89894D-E43B-4AAB-ADB5-70B8A7DC278F}.Release|x86.Build.0 = Release|Win32
	EndGlobalSection
	GlobalSection(SolutionProperties) = preSolution
		HideSolutionNode = FALSE
	EndGlobalSection
	GlobalSection(ExtensibilityGlobals) = postSolution
		SolutionGuid = {ED40BF9D-8163-4220-AAF4-7444129FC0C5}
	EndGlobalSection
EndGlobal
